# This file is automatically @generated by Poetry 1.7.1 and should not be changed by hand.

[[package]]
name = "nats-py"
version = "2.7.2"
description = "NATS client for Python"
optional = false
python-versions = ">=3.7"
files = [
    {file = "nats-py-2.7.2.tar.gz", hash = "sha256:0c97b4a57bed0ef1ff9ae6c19bc115ec7ca8ede5ab3e001fd00a377056a547cf"},
]

[package.extras]
aiohttp = ["aiohttp"]
fast-parse = ["fast-mail-parser"]
nkeys = ["nkeys"]

[[package]]
name = "pyte"
version = "0.8.2"
description = "Simple VTXXX-compatible terminal emulator."
optional = false
python-versions = ">=3.8"
files = [
    {file = "pyte-0.8.2-py3-none-any.whl", hash = "sha256:85db42a35798a5aafa96ac4d8da78b090b2c933248819157fc0e6f78876a0135"},
    {file = "pyte-0.8.2.tar.gz", hash = "sha256:5af970e843fa96a97149d64e170c984721f20e52227a2f57f0a54207f08f083f"},
]

[package.dependencies]
wcwidth = "*"

[[package]]
name = "wcwidth"
version = "0.2.13"
description = "Measures the displayed width of unicode strings in a terminal"
optional = false
python-versions = "*"
files = [
    {file = "wcwidth-0.2.13-py2.py3-none-any.whl", hash = "sha256:3da69048e4540d84af32131829ff948f1e022c1c6bdb8d6102117aac784f6859"},
    {file = "wcwidth-0.2.13.tar.gz", hash = "sha256:72ea0c06399eb286d978fdedb6923a9eb47e1c486ce63e9b4e64fc18303972b5"},
]

[metadata]
lock-version = "2.0"
python-versions = "^3.11"
content-hash = "08231ea050f3dbd4cee265cd2e8e42c37b02c2257018d4520cd37a31dd506201"
